// !$*UTF8*$!
{
	archiveVersion = 1;
	classes = {
	};
	objectVersion = 50;
	objects = {

/* Begin PBXBuildFile section */
		682256ED23B27EA000616AB0 /* AllPhotosCollectionViewController.swift in Sources */ = {isa = PBXBuildFile; fileRef = 682256EC23B27EA000616AB0 /* AllPhotosCollectionViewController.swift */; };
		682256F123B2810D00616AB0 /* PhotoCollectionViewCell.swift in Sources */ = {isa = PBXBuildFile; fileRef = 682256F023B2810D00616AB0 /* PhotoCollectionViewCell.swift */; };
		68722C5223AE7EDB0082F570 /* AppDelegate.swift in Sources */ = {isa = PBXBuildFile; fileRef = 68722C5123AE7EDB0082F570 /* AppDelegate.swift */; };
		68722C5423AE7EDB0082F570 /* SceneDelegate.swift in Sources */ = {isa = PBXBuildFile; fileRef = 68722C5323AE7EDB0082F570 /* SceneDelegate.swift */; };
		68722C5923AE7EDB0082F570 /* Main.storyboard in Resources */ = {isa = PBXBuildFile; fileRef = 68722C5723AE7EDB0082F570 /* Main.storyboard */; };
		68722C5B23AE7EDC0082F570 /* Assets.xcassets in Resources */ = {isa = PBXBuildFile; fileRef = 68722C5A23AE7EDC0082F570 /* Assets.xcassets */; };
		68722C5E23AE7EDC0082F570 /* LaunchScreen.storyboard in Resources */ = {isa = PBXBuildFile; fileRef = 68722C5C23AE7EDC0082F570 /* LaunchScreen.storyboard */; };
		687E2B1423B53A4400E166A0 /* DataHelper.swift in Sources */ = {isa = PBXBuildFile; fileRef = 687E2B1323B53A4400E166A0 /* DataHelper.swift */; };
/* End PBXBuildFile section */

/* Begin PBXFileReference section */
		682256EC23B27EA000616AB0 /* AllPhotosCollectionViewController.swift */ = {isa = PBXFileReference; lastKnownFileType = sourcecode.swift; path = AllPhotosCollectionViewController.swift; sourceTree = "<group>"; };
		682256F023B2810D00616AB0 /* PhotoCollectionViewCell.swift */ = {isa = PBXFileReference; lastKnownFileType = sourcecode.swift; path = PhotoCollectionViewCell.swift; sourceTree = "<group>"; };
		68722C4E23AE7EDB0082F570 /* DiffableDataSourceDemo.app */ = {isa = PBXFileReference; explicitFileType = wrapper.application; includeInIndex = 0; path = DiffableDataSourceDemo.app; sourceTree = BUILT_PRODUCTS_DIR; };
		68722C5123AE7EDB0082F570 /* AppDelegate.swift */ = {isa = PBXFileReference; lastKnownFileType = sourcecode.swift; path = AppDelegate.swift; sourceTree = "<group>"; };
		68722C5323AE7EDB0082F570 /* SceneDelegate.swift */ = {isa = PBXFileReference; lastKnownFileType = sourcecode.swift; path = SceneDelegate.swift; sourceTree = "<group>"; };
		68722C5823AE7EDB0082F570 /* Base */ = {isa = PBXFileReference; lastKnownFileType = file.storyboard; name = Base; path = Base.lproj/Main.storyboard; sourceTree = "<group>"; };
		68722C5A23AE7EDC0082F570 /* Assets.xcassets */ = {isa = PBXFileReference; lastKnownFileType = folder.assetcatalog; path = Assets.xcassets; sourceTree = "<group>"; };
		68722C5D23AE7EDC0082F570 /* Base */ = {isa = PBXFileReference; lastKnownFileType = file.storyboard; name = Base; path = Base.lproj/LaunchScreen.storyboard; sourceTree = "<group>"; };
		68722C5F23AE7EDC0082F570 /* Info.plist */ = {isa = PBXFileReference; lastKnownFileType = text.plist.xml; path = Info.plist; sourceTree = "<group>"; };
		687E2B1323B53A4400E166A0 /* DataHelper.swift */ = {isa = PBXFileReference; lastKnownFileType = sourcecode.swift; path = DataHelper.swift; sourceTree = "<group>"; };
		68C0A8AC24A39D19005BA30B /* README.md */ = {isa = PBXFileReference; lastKnownFileType = net.daringfireball.markdown; path = README.md; sourceTree = "<group>"; };
/* End PBXFileReference section */

/* Begin PBXFrameworksBuildPhase section */
		68722C4B23AE7EDB0082F570 /* Frameworks */ = {
			isa = PBXFrameworksBuildPhase;
			buildActionMask = 2147483647;
			files = (
			);
			runOnlyForDeploymentPostprocessing = 0;
		};
/* End PBXFrameworksBuildPhase section */

/* Begin PBXGroup section */
		68722C4523AE7EDB0082F570 = {
			isa = PBXGroup;
			children = (
				68C0A8AC24A39D19005BA30B /* README.md */,
				68722C5023AE7EDB0082F570 /* DiffableDataSourceDemo */,
				68722C4F23AE7EDB0082F570 /* Products */,
			);
			sourceTree = "<group>";
		};
		68722C4F23AE7EDB0082F570 /* Products */ = {
			isa = PBXGroup;
			children = (
				68722C4E23AE7EDB0082F570 /* DiffableDataSourceDemo.app */,
			);
			name = Products;
			sourceTree = "<group>";
		};
		68722C5023AE7EDB0082F570 /* DiffableDataSourceDemo */ = {
			isa = PBXGroup;
			children = (
				68722C5F23AE7EDC0082F570 /* Info.plist */,
				682256EC23B27EA000616AB0 /* AllPhotosCollectionViewController.swift */,
				68722C5123AE7EDB0082F570 /* AppDelegate.swift */,
				687E2B1323B53A4400E166A0 /* DataHelper.swift */,
				682256F023B2810D00616AB0 /* PhotoCollectionViewCell.swift */,
				68722C5323AE7EDB0082F570 /* SceneDelegate.swift */,
				68722C5A23AE7EDC0082F570 /* Assets.xcassets */,
				68722C5C23AE7EDC0082F570 /* LaunchScreen.storyboard */,
				68722C5723AE7EDB0082F570 /* Main.storyboard */,
			);
			path = DiffableDataSourceDemo;
			sourceTree = "<group>";
		};
/* End PBXGroup section */

/* Begin PBXNativeTarget section */
		68722C4D23AE7EDB0082F570 /* DiffableDataSourceDemo */ = {
			isa = PBXNativeTarget;
			buildConfigurationList = 68722C6223AE7EDC0082F570 /* Build configuration list for PBXNativeTarget "DiffableDataSourceDemo" */;
			buildPhases = (
				68722C4A23AE7EDB0082F570 /* Sources */,
				68722C4B23AE7EDB0082F570 /* Frameworks */,
				68722C4C23AE7EDB0082F570 /* Resources */,
			);
			buildRules = (
			);
			dependencies = (
			);
			name = DiffableDataSourceDemo;
			packageProductDependencies = (
			);
			productName = DiffableDataSourceDemo;
			productReference = 68722C4E23AE7EDB0082F570 /* DiffableDataSourceDemo.app */;
			productType = "com.apple.product-type.application";
		};
/* End PBXNativeTarget section */

/* Begin PBXProject section */
		68722C4623AE7EDB0082F570 /* Project object */ = {
			isa = PBXProject;
			attributes = {
				LastSwiftUpdateCheck = 1130;
				LastUpgradeCheck = 1130;
				ORGANIZATIONNAME = "Russell Archer";
				TargetAttributes = {
					68722C4D23AE7EDB0082F570 = {
						CreatedOnToolsVersion = 11.3;
					};
				};
			};
			buildConfigurationList = 68722C4923AE7EDB0082F570 /* Build configuration list for PBXProject "DiffableDataSourceDemo" */;
			compatibilityVersion = "Xcode 9.3";
			developmentRegion = en;
			hasScannedForEncodings = 0;
			knownRegions = (
				en,
				Base,
			);
			mainGroup = 68722C4523AE7EDB0082F570;
			packageReferences = (
			);
			productRefGroup = 68722C4F23AE7EDB0082F570 /* Products */;
			projectDirPath = "";
			projectRoot = "";
			targets = (
				68722C4D23AE7EDB0082F570 /* DiffableDataSourceDemo */,
			);
		};
/* End PBXProject section */

/* Begin PBXResourcesBuildPhase section */
		68722C4C23AE7EDB0082F570 /* Resources */ = {
			isa = PBXResourcesBuildPhase;
			buildActionMask = 2147483647;
			files = (
				68722C5E23AE7EDC0082F570 /* LaunchScreen.storyboard in Resources */,
				68722C5B23AE7EDC0082F570 /* Assets.xcassets in Resources */,
				68722C5923AE7EDB0082F570 /* Main.storyboard in Resources */,
			);
			runOnlyForDeploymentPostprocessing = 0;
		};
/* End PBXResourcesBuildPhase section */

/* Begin PBXSourcesBuildPhase section */
		68722C4A23AE7EDB0082F570 /* Sources */ = {
			isa = PBXSourcesBuildPhase;
			buildActionMask = 2147483647;
			files = (
				687E2B1423B53A4400E166A0 /* DataHelper.swift in Sources */,
				68722C5223AE7EDB0082F570 /* AppDelegate.swift in Sources */,
				68722C5423AE7EDB0082F570 /* SceneDelegate.swift in Sources */,
				682256ED23B27EA000616AB0 /* AllPhotosCollectionViewController.swift in Sources */,
				682256F123B2810D00616AB0 /* PhotoCollectionViewCell.swift in Sources */,
			);
			runOnlyForDeploymentPostprocessing = 0;
		};
/* End PBXSourcesBuildPhase section */

/* Begin PBXVariantGroup section */
		68722C5723AE7EDB0082F570 /* Main.storyboard */ = {
			isa = PBXVariantGroup;
			children = (
				68722C5823AE7EDB0082F570 /* Base */,
			);
			name = Main.storyboard;
			sourceTree = "<group>";
		};
		68722C5C23AE7EDC0082F570 /* LaunchScreen.storyboard */ = {
			isa = PBXVariantGroup;
			children = (
				68722C5D23AE7EDC0082F570 /* Base */,
			);
			name = LaunchScreen.storyboard;
			sourceTree = "<group>";
		};
/* End PBXVariantGroup section */

/* Begin XCBuildConfiguration section */
		68722C6023AE7EDC0082F570 /* Debug */ = {
			isa = XCBuildConfiguration;
			buildSettings = {
				ALWAYS_SEARCH_USER_PATHS = NO;
				CLANG_ANALYZER_NONNULL = YES;
				CLANG_ANALYZER_NUMBER_OBJECT_CONVERSION = YES_AGGRESSIVE;
				CLANG_CXX_LANGUAGE_STANDARD = "gnu++14";
				CLANG_CXX_LIBRARY = "libc++";
				CLANG_ENABLE_MODULES = YES;
				CLANG_ENABLE_OBJC_ARC = YES;
				CLANG_ENABLE_OBJC_WEAK = YES;
				CLANG_WARN_BLOCK_CAPTURE_AUTORELEASING = YES;
				CLANG_WARN_BOOL_CONVERSION = YES;
				CLANG_WARN_COMMA = YES;
				CLANG_WARN_CONSTANT_CONVERSION = YES;
				CLANG_WARN_DEPRECATED_OBJC_IMPLEMENTATIONS = YES;
				CLANG_WARN_DIRECT_OBJC_ISA_USAGE = YES_ERROR;
				CLANG_WARN_DOCUMENTATION_COMMENTS = YES;
				CLANG_WARN_EMPTY_BODY = YES;
				CLANG_WARN_ENUM_CONVERSION = YES;
				CLANG_WARN_INFINITE_RECURSION = YES;
				CLANG_WARN_INT_CONVERSION = YES;
				CLANG_WARN_NON_LITERAL_NULL_CONVERSION = YES;
				CLANG_WARN_OBJC_IMPLICIT_RETAIN_SELF = YES;
				CLANG_WARN_OBJC_LITERAL_CONVERSION = YES;
				CLANG_WARN_OBJC_ROOT_CLASS = YES_ERROR;
				CLANG_WARN_RANGE_LOOP_ANALYSIS = YES;
				CLANG_WARN_STRICT_PROTOTYPES = YES;
				CLANG_WARN_SUSPICIOUS_MOVE = YES;
				CLANG_WARN_UNGUARDED_AVAILABILITY = YES_AGGRESSIVE;
				CLANG_WARN_UNREACHABLE_CODE = YES;
				CLANG_WARN__DUPLICATE_METHOD_MATCH = YES;
				COPY_PHASE_STRIP = NO;
				DEBUG_INFORMATION_FORMAT = dwarf;
				ENABLE_STRICT_OBJC_MSGSEND = YES;
				ENABLE_TESTABILITY = YES;
				GCC_C_LANGUAGE_STANDARD = gnu11;
				GCC_DYNAMIC_NO_PIC = NO;
				GCC_NO_COMMON_BLOCKS = YES;
				GCC_OPTIMIZATION_LEVEL = 0;
				GCC_PREPROCESSOR_DEFINITIONS = (
					"DEBUG=1",
					"$(inherited)",
				);
				GCC_WARN_64_TO_32_BIT_CONVERSION = YES;
				GCC_WARN_ABOUT_RETURN_TYPE = YES_ERROR;
				GCC_WARN_UNDECLARED_SELECTOR = YES;
				GCC_WARN_UNINITIALIZED_AUTOS = YES_AGGRESSIVE;
				GCC_WARN_UNUSED_FUNCTION = YES;
				GCC_WARN_UNUSED_VARIABLE = YES;
				IPHONEOS_DEPLOYMENT_TARGET = 13.2;
				MTL_ENABLE_DEBUG_INFO = INCLUDE_SOURCE;
				MTL_FAST_MATH = YES;
				ONLY_ACTIVE_ARCH = YES;
				SDKROOT = iphoneos;
				SWIFT_ACTIVE_COMPILATION_CONDITIONS = DEBUG;
				SWIFT_OPTIMIZATION_LEVEL = "-Onone";
			};
			name = Debug;
		};
		68722C6123AE7EDC0082F570 /* Release */ = {
			isa = XCBuildConfiguration;
			buildSettings = {
				ALWAYS_SEARCH_USER_PATHS = NO;
				CLANG_ANALYZER_NONNULL = YES;
				CLANG_ANALYZER_NUMBER_OBJECT_CONVERSION = YES_AGGRESSIVE;
				CLANG_CXX_LANGUAGE_STANDARD = "gnu++14";
				CLANG_CXX_LIBRARY = "libc++";
				CLANG_ENABLE_MODULES = YES;
				CLANG_ENABLE_OBJC_ARC = YES;
				CLANG_ENABLE_OBJC_WEAK = YES;
				CLANG_WARN_BLOCK_CAPTURE_AUTORELEASING = YES;
				CLANG_WARN_BOOL_CONVERSION = YES;
				CLANG_WARN_COMMA = YES;
				CLANG_WARN_CONSTANT_CONVERSION = YES;
				CLANG_WARN_DEPRECATED_OBJC_IMPLEMENTATIONS = YES;
				CLANG_WARN_DIRECT_OBJC_ISA_USAGE = YES_ERROR;
				CLANG_WARN_DOCUMENTATION_COMMENTS = YES;
				CLANG_WARN_EMPTY_BODY = YES;
				CLANG_WARN_ENUM_CONVERSION = YES;
				CLANG_WARN_INFINITE_RECURSION = YES;
				CLANG_WARN_INT_CONVERSION = YES;
				CLANG_WARN_NON_LITERAL_NULL_CONVERSION = YES;
				CLANG_WARN_OBJC_IMPLICIT_RETAIN_SELF = YES;
				CLANG_WARN_OBJC_LITERAL_CONVERSION = YES;
				CLANG_WARN_OBJC_ROOT_CLASS = YES_ERROR;
				CLANG_WARN_RANGE_LOOP_ANALYSIS = YES;
				CLANG_WARN_STRICT_PROTOTYPES = YES;
				CLANG_WARN_SUSPICIOUS_MOVE = YES;
				CLANG_WARN_UNGUARDED_AVAILABILITY = YES_AGGRESSIVE;
				CLANG_WARN_UNREACHABLE_CODE = YES;
				CLANG_WARN__DUPLICATE_METHOD_MATCH = YES;
				COPY_PHASE_STRIP = NO;
				DEBUG_INFORMATION_FORMAT = "dwarf-with-dsym";
				ENABLE_NS_ASSERTIONS = NO;
				ENABLE_STRICT_OBJC_MSGSEND = YES;
				GCC_C_LANGUAGE_STANDARD = gnu11;
				GCC_NO_COMMON_BLOCKS = YES;
				GCC_WARN_64_TO_32_BIT_CONVERSION = YES;
				GCC_WARN_ABOUT_RETURN_TYPE = YES_ERROR;
				GCC_WARN_UNDECLARED_SELECTOR = YES;
				GCC_WARN_UNINITIALIZED_AUTOS = YES_AGGRESSIVE;
				GCC_WARN_UNUSED_FUNCTION = YES;
				GCC_WARN_UNUSED_VARIABLE = YES;
				IPHONEOS_DEPLOYMENT_TARGET = 13.2;
				MTL_ENABLE_DEBUG_INFO = NO;
				MTL_FAST_MATH = YES;
				SDKROOT = iphoneos;
				SWIFT_COMPILATION_MODE = wholemodule;
				SWIFT_OPTIMIZATION_LEVEL = "-O";
				VALIDATE_PRODUCT = YES;
			};
			name = Release;
		};
		68722C6323AE7EDC0082F570 /* Debug */ = {
			isa = XCBuildConfiguration;
			buildSettings = {
				ASSETCATALOG_COMPILER_APPICON_NAME = AppIcon;
				CODE_SIGN_STYLE = Automatic;
				DEVELOPMENT_TEAM = R6BE99W3FU;
				INFOPLIST_FILE = DiffableDataSourceDemo/Info.plist;
				LD_RUNPATH_SEARCH_PATHS = (
					"$(inherited)",
					"@executable_path/Frameworks",
				);
				PRODUCT_BUNDLE_IDENTIFIER = com.rarcher.DiffableDataSourceDemo;
				PRODUCT_NAME = "$(TARGET_NAME)";
				SWIFT_VERSION = 5.0;
				TARGETED_DEVICE_FAMILY = "1,2";
			};
			name = Debug;
		};
		68722C6423AE7EDC0082F570 /* Release */ = {
			isa = XCBuildConfiguration;
			buildSettings = {
				ASSETCATALOG_COMPILER_APPICON_NAME = AppIcon;
				CODE_SIGN_STYLE = Automatic;
				DEVELOPMENT_TEAM = R6BE99W3FU;
				INFOPLIST_FILE = DiffableDataSourceDemo/Info.plist;
				LD_RUNPATH_SEARCH_PATHS = (
					"$(inherited)",
					"@executable_path/Frameworks",
				);
				PRODUCT_BUNDLE_IDENTIFIER = com.rarcher.DiffableDataSourceDemo;
				PRODUCT_NAME = "$(TARGET_NAME)";
				SWIFT_VERSION = 5.0;
				TARGETED_DEVICE_FAMILY = "1,2";
			};
			name = Release;
		};
/* End XCBuildConfiguration section */

/* Begin XCConfigurationList section */
		68722C4923AE7EDB0082F570 /* Build configuration list for PBXProject "DiffableDataSourceDemo" */ = {
			isa = XCConfigurationList;
			buildConfigurations = (
				68722C6023AE7EDC0082F570 /* Debug */,
				68722C6123AE7EDC0082F570 /* Release */,
			);
			defaultConfigurationIsVisible = 0;
			defaultConfigurationName = Release;
		};
		68722C6223AE7EDC0082F570 /* Build configuration list for PBXNativeTarget "DiffableDataSourceDemo" */ = {
			isa = XCConfigurationList;
			buildConfigurations = (
				68722C6323AE7EDC0082F570 /* Debug */,
				68722C6423AE7EDC0082F570 /* Release */,
			);
			defaultConfigurationIsVisible = 0;
			defaultConfigurationName = Release;
		};
/* End XCConfigurationList section */
	};
	rootObject = 68722C4623AE7EDB0082F570 /* Project object */;
}
